
Microsoft Visual Studio Solution File, Format Version 12.00
# Visual Studio Version 17
VisualStudioVersion = 17.10.34928.147
MinimumVisualStudioVersion = 10.0.40219.1
Project("{9A19103F-16F7-4668-BE54-9A1E7A4F7556}") = "MagickaForge", "MagickaForge\MagickaForge.csproj", "{0DE0316F-A7B3-4C26-8B48-73DCC767C92A}"
EndProject
Project("{9A19103F-16F7-4668-BE54-9A1E7A4F7556}") = "MagickaToolSuite", "MagickaToolSuite\MagickaToolSuite.csproj", "{32ACD06A-5C83-48E3-B64D-04C7EA06D387}"
EndProject
Project("{9A19103F-16F7-4668-BE54-9A1E7A4F7556}") = "XNBDecomp", "XNBDecomp\XNBDecomp.csproj", "{3A137475-DD8F-4EC6-AEAC-E4D083F1024E}"
EndProject
Global
	GlobalSection(SolutionConfigurationPlatforms) = preSolution
		Debug|Any CPU = Debug|Any CPU
		Release|Any CPU = Release|Any CPU
	EndGlobalSection
	GlobalSection(ProjectConfigurationPlatforms) = postSolution
		{0DE0316F-A7B3-4C26-8B48-73DCC767C92A}.Debug|Any CPU.ActiveCfg = Debug|Any CPU
		{0DE0316F-A7B3-4C26-8B48-73DCC767C92A}.Debug|Any CPU.Build.0 = Debug|Any CPU
		{0DE0316F-A7B3-4C26-8B48-73DCC767C92A}.Release|Any CPU.ActiveCfg = Release|Any CPU
		{0DE0316F-A7B3-4C26-8B48-73DCC767C92A}.Release|Any CPU.Build.0 = Release|Any CPU
		{32ACD06A-5C83-48E3-B64D-04C7EA06D387}.Debug|Any CPU.ActiveCfg = Debug|Any CPU
		{32ACD06A-5C83-48E3-B64D-04C7EA06D387}.Debug|Any CPU.Build.0 = Debug|Any CPU
		{32ACD06A-5C83-48E3-B64D-04C7EA06D387}.Release|Any CPU.ActiveCfg = Release|Any CPU
		{32ACD06A-5C83-48E3-B64D-04C7EA06D387}.Release|Any CPU.Build.0 = Release|Any CPU
		{3A137475-DD8F-4EC6-AEAC-E4D083F1024E}.Debug|Any CPU.ActiveCfg = Debug|Any CPU
		{3A137475-DD8F-4EC6-AEAC-E4D083F1024E}.Debug|Any CPU.Build.0 = Debug|Any CPU
		{3A137475-DD8F-4EC6-AEAC-E4D083F1024E}.Release|Any CPU.ActiveCfg = Release|Any CPU
		{3A137475-DD8F-4EC6-AEAC-E4D083F1024E}.Release|Any CPU.Build.0 = Release|Any CPU
	EndGlobalSection
	GlobalSection(SolutionProperties) = preSolution
		HideSolutionNode = FALSE
	EndGlobalSection
	GlobalSection(ExtensibilityGlobals) = postSolution
		SolutionGuid = {387D6447-593F-4B44-80BC-C2760316E7AE}
	EndGlobalSection
EndGlobal
