
Microsoft Visual Studio Solution File, Format Version 12.00
# Visual Studio Version 17
VisualStudioVersion = 17.10.34928.147
MinimumVisualStudioVersion = 10.0.40219.1
Project("{9A19103F-16F7-4668-BE54-9A1E7A4F7556}") = "MagickaForge", "MagickaForge\MagickaForge.csproj", "{0DE0316F-A7B3-4C26-8B48-73DCC767C92A}"
EndProject
Project("{9A19103F-16F7-4668-BE54-9A1E7A4F7556}") = "CharacterForge", "CharacterForge\CharacterForge.csproj", "{FD92E76A-98B8-4222-9684-DA8712B5E1E5}"
EndProject
Project("{9A19103F-16F7-4668-BE54-9A1E7A4F7556}") = "ItemForge", "ItemForge\ItemForge.csproj", "{32ACD06A-5C83-48E3-B64D-04C7EA06D387}"
EndProject
Project("{9A19103F-16F7-4668-BE54-9A1E7A4F7556}") = "LevelForge", "LevelForge\LevelForge.csproj", "{E88CDEE7-5AF8-4AF4-9A2C-4B9FE61AB3F2}"
EndProject
Project("{FAE04EC0-301F-11D3-BF4B-00C04F79EFBC}") = "GLTFCompiler", "GLTFCompiler\GLTFCompiler.csproj", "{091201F9-3CF1-45D1-A3B9-F8C472D9F9F6}"
EndProject
Global
	GlobalSection(SolutionConfigurationPlatforms) = preSolution
		Debug|Any CPU = Debug|Any CPU
		Release|Any CPU = Release|Any CPU
	EndGlobalSection
	GlobalSection(ProjectConfigurationPlatforms) = postSolution
		{0DE0316F-A7B3-4C26-8B48-73DCC767C92A}.Debug|Any CPU.ActiveCfg = Debug|Any CPU
		{0DE0316F-A7B3-4C26-8B48-73DCC767C92A}.Debug|Any CPU.Build.0 = Debug|Any CPU
		{0DE0316F-A7B3-4C26-8B48-73DCC767C92A}.Release|Any CPU.ActiveCfg = Release|Any CPU
		{0DE0316F-A7B3-4C26-8B48-73DCC767C92A}.Release|Any CPU.Build.0 = Release|Any CPU
		{FD92E76A-98B8-4222-9684-DA8712B5E1E5}.Debug|Any CPU.ActiveCfg = Debug|Any CPU
		{FD92E76A-98B8-4222-9684-DA8712B5E1E5}.Debug|Any CPU.Build.0 = Debug|Any CPU
		{FD92E76A-98B8-4222-9684-DA8712B5E1E5}.Release|Any CPU.ActiveCfg = Release|Any CPU
		{FD92E76A-98B8-4222-9684-DA8712B5E1E5}.Release|Any CPU.Build.0 = Release|Any CPU
		{32ACD06A-5C83-48E3-B64D-04C7EA06D387}.Debug|Any CPU.ActiveCfg = Debug|Any CPU
		{32ACD06A-5C83-48E3-B64D-04C7EA06D387}.Debug|Any CPU.Build.0 = Debug|Any CPU
		{32ACD06A-5C83-48E3-B64D-04C7EA06D387}.Release|Any CPU.ActiveCfg = Release|Any CPU
		{32ACD06A-5C83-48E3-B64D-04C7EA06D387}.Release|Any CPU.Build.0 = Release|Any CPU
		{E88CDEE7-5AF8-4AF4-9A2C-4B9FE61AB3F2}.Debug|Any CPU.ActiveCfg = Debug|Any CPU
		{E88CDEE7-5AF8-4AF4-9A2C-4B9FE61AB3F2}.Debug|Any CPU.Build.0 = Debug|Any CPU
		{E88CDEE7-5AF8-4AF4-9A2C-4B9FE61AB3F2}.Release|Any CPU.ActiveCfg = Release|Any CPU
		{E88CDEE7-5AF8-4AF4-9A2C-4B9FE61AB3F2}.Release|Any CPU.Build.0 = Release|Any CPU
		{091201F9-3CF1-45D1-A3B9-F8C472D9F9F6}.Debug|Any CPU.ActiveCfg = Debug|Any CPU
		{091201F9-3CF1-45D1-A3B9-F8C472D9F9F6}.Debug|Any CPU.Build.0 = Debug|Any CPU
		{091201F9-3CF1-45D1-A3B9-F8C472D9F9F6}.Release|Any CPU.ActiveCfg = Release|Any CPU
		{091201F9-3CF1-45D1-A3B9-F8C472D9F9F6}.Release|Any CPU.Build.0 = Release|Any CPU
	EndGlobalSection
	GlobalSection(SolutionProperties) = preSolution
		HideSolutionNode = FALSE
	EndGlobalSection
	GlobalSection(ExtensibilityGlobals) = postSolution
		SolutionGuid = {387D6447-593F-4B44-80BC-C2760316E7AE}
	EndGlobalSection
EndGlobal
